<?xml version="1.0" encoding="utf-8"?>
<Project ToolsVersion="4.0" xmlns="http://schemas.microsoft.com/developer/msbuild/2003">
  <ItemGroup>
    <Filter Include="src">
      <UniqueIdentifier>{8d710873-749d-420d-9e12-0ed0c8c15e82}</UniqueIdentifier>
    </Filter>
    <Filter Include="src\ospf">
      <UniqueIdentifier>{88d9b749-b317-448b-b14e-c2e6194e8d1c}</UniqueIdentifier>
    </Filter>
    <Filter Include="src\ospf\error">
      <UniqueIdentifier>{b198b56c-5522-45f8-80e4-78b4ccb19b32}</UniqueIdentifier>
    </Filter>
    <Filter Include="src\ospf\concepts">
      <UniqueIdentifier>{fa80492a-74bb-4a00-ae20-a8eefa0f5155}</UniqueIdentifier>
    </Filter>
    <Filter Include="src\ospf\meta-programming">
      <UniqueIdentifier>{ba90517a-8ea4-4897-a236-bca5b67bbd0e}</UniqueIdentifier>
    </Filter>
  </ItemGroup>
  <ItemGroup>
    <ClInclude Include="src\ospf\basic_definition.hpp">
      <Filter>src\ospf</Filter>
    </ClInclude>
    <ClInclude Include="src\ospf\literal_constant.hpp">
      <Filter>src\ospf</Filter>
    </ClInclude>
    <ClInclude Include="src\ospf\auto_link.hpp">
      <Filter>src\ospf</Filter>
    </ClInclude>
    <ClInclude Include="src\ospf\system_info.hpp">
      <Filter>src\ospf</Filter>
    </ClInclude>
    <ClInclude Include="src\ospf\local_info.hpp">
      <Filter>src\ospf</Filter>
    </ClInclude>
    <ClInclude Include="src\ospf\ospf_base_api.hpp">
      <Filter>src\ospf</Filter>
    </ClInclude>
    <ClInclude Include="error.hpp">
      <Filter>src\ospf</Filter>
    </ClInclude>
    <ClInclude Include="src\ospf\error\code.hpp">
      <Filter>src\ospf\error</Filter>
    </ClInclude>
    <ClInclude Include="src\ospf\error\error.hpp">
      <Filter>src\ospf\error</Filter>
    </ClInclude>
    <ClInclude Include="src\ospf\concepts.hpp">
      <Filter>src\ospf</Filter>
    </ClInclude>
    <ClInclude Include="src\ospf\concepts\decay_same_as.hpp">
      <Filter>src\ospf\concepts</Filter>
    </ClInclude>
    <ClInclude Include="src\ospf\concepts\with_default.hpp">
      <Filter>src\ospf\concepts</Filter>
    </ClInclude>
    <ClInclude Include="src\ospf\concepts\copy_faster.hpp">
      <Filter>src\ospf\concepts</Filter>
    </ClInclude>
    <ClInclude Include="src\ospf\meta_programming\variable_type_list.hpp">
      <Filter>src\ospf\meta-programming</Filter>
    </ClInclude>
    <ClInclude Include="src\ospf\meta_programming\sequence_tuple.hpp">
      <Filter>src\ospf\meta-programming</Filter>
    </ClInclude>
    <ClInclude Include="src\ospf\type_family.hpp">
      <Filter>src\ospf</Filter>
    </ClInclude>
  </ItemGroup>
  <ItemGroup>
    <ClCompile Include="src\ospf\system_info.cpp">
      <Filter>src\ospf</Filter>
    </ClCompile>
  </ItemGroup>
</Project>